{
  "name": "@macroforge/shared",
  "version": "0.1.49",
  "lockfileVersion": 3,
  "requires": true,
  "packages": {
    "": {
      "name": "@macroforge/shared",
      "version": "0.1.49",
      "dependencies": {
        "macroforge": "^0.1.48"
      },
      "devDependencies": {
        "@types/node": "^22.10.2",
        "typescript": "^5.9.3"
      },
      "peerDependencies": {
        "typescript": ">=5.0.0"
      }
    },
    "node_modules/@macroforge/bin-darwin-arm64": {
      "version": "0.1.48",
      "resolved": "https://registry.npmjs.org/@macroforge/bin-darwin-arm64/-/bin-darwin-arm64-0.1.48.tgz",
      "integrity": "sha512-V+eg7p+flqZDdQJWis52//+f2KA3E9lmOtWx+77M5wxdW27khGCYs9GrP7XVp4buUEyFXKBreVawqN3vSqDPuQ==",
      "cpu": [
        "arm64"
      ],
      "license": "MIT",
      "optional": true,
      "os": [
        "darwin"
      ],
      "engines": {
        "node": ">= 18"
      }
    },
    "node_modules/@macroforge/bin-darwin-x64": {
      "version": "0.1.48",
      "resolved": "https://registry.npmjs.org/@macroforge/bin-darwin-x64/-/bin-darwin-x64-0.1.48.tgz",
      "integrity": "sha512-ZBuJUi3l3ytd96SkBBjoxD336dzNj1uudiBa/MmAVrx/KstPmPgCwdljch87R9UWkef5bEjZV3x/Ey0QPOC+rA==",
      "cpu": [
        "x64"
      ],
      "license": "MIT",
      "optional": true,
      "os": [
        "darwin"
      ],
      "engines": {
        "node": ">= 18"
      }
    },
    "node_modules/@macroforge/bin-linux-arm64-gnu": {
      "version": "0.1.48",
      "resolved": "https://registry.npmjs.org/@macroforge/bin-linux-arm64-gnu/-/bin-linux-arm64-gnu-0.1.48.tgz",
      "integrity": "sha512-bCfAKiMDA0eH41eYPkg+596VGl5nKIb7KvY8PU2vd+u62pel4kiLyTQGlkXWwTPwp9u2aI3nqmT79tWO1+r8fA==",
      "cpu": [
        "arm64"
      ],
      "license": "MIT",
      "optional": true,
      "os": [
        "linux"
      ],
      "engines": {
        "node": ">= 18"
      }
    },
    "node_modules/@macroforge/bin-linux-x64-gnu": {
      "version": "0.1.48",
      "resolved": "https://registry.npmjs.org/@macroforge/bin-linux-x64-gnu/-/bin-linux-x64-gnu-0.1.48.tgz",
      "integrity": "sha512-pz7+c/AQ8+WiCthbdtca4OUGWdhlcjC5WjHg7HcP1Xmrma4psrzFxkT5dzfSoXA44UAQcOoZe219L12biUFQDA==",
      "cpu": [
        "x64"
      ],
      "license": "MIT",
      "optional": true,
      "os": [
        "linux"
      ],
      "engines": {
        "node": ">= 18"
      }
    },
    "node_modules/@macroforge/bin-win32-arm64-msvc": {
      "version": "0.1.48",
      "resolved": "https://registry.npmjs.org/@macroforge/bin-win32-arm64-msvc/-/bin-win32-arm64-msvc-0.1.48.tgz",
      "integrity": "sha512-W4uwsAVmbtiaWlksdt4rwVFiFj3wG66hfD9td8kCq4VrmKAeZkYBmbm/WBzUoecvOJxTmLOFiOwGoYe0ufrA4g==",
      "cpu": [
        "arm64"
      ],
      "license": "MIT",
      "optional": true,
      "os": [
        "win32"
      ],
      "engines": {
        "node": ">= 18"
      }
    },
    "node_modules/@macroforge/bin-win32-x64-msvc": {
      "version": "0.1.48",
      "resolved": "https://registry.npmjs.org/@macroforge/bin-win32-x64-msvc/-/bin-win32-x64-msvc-0.1.48.tgz",
      "integrity": "sha512-jkpJxdk39rn1aPhJT0Nyp7kUY5JrqqoE5y6DyBUnVCOQdN+c7jzNFRQSZTT0OlAqj1GsmhUWG8sX2I7HoHgxcA==",
      "cpu": [
        "x64"
      ],
      "license": "MIT",
      "optional": true,
      "os": [
        "win32"
      ],
      "engines": {
        "node": ">= 18"
      }
    },
    "node_modules/@types/node": {
      "version": "22.19.3",
      "resolved": "https://registry.npmjs.org/@types/node/-/node-22.19.3.tgz",
      "integrity": "sha512-1N9SBnWYOJTrNZCdh/yJE+t910Y128BoyY+zBLWhL3r0TYzlTmFdXrPwHL9DyFZmlEXNQQolTZh3KHV31QDhyA==",
      "dev": true,
      "license": "MIT",
      "dependencies": {
        "undici-types": "~6.21.0"
      }
    },
    "node_modules/macroforge": {
      "version": "0.1.48",
      "resolved": "https://registry.npmjs.org/macroforge/-/macroforge-0.1.48.tgz",
      "integrity": "sha512-n/mJ62mjM5NEc866BJmnl5O86Sv8rP1bAn1FKq+CjpzBCa9fN9/mDgRG2p0AahnxJcbPhJWe7Au0ySXhmlPx7A==",
      "license": "MIT",
      "engines": {
        "node": ">= 18"
      },
      "optionalDependencies": {
        "@macroforge/bin-darwin-arm64": "0.1.48",
        "@macroforge/bin-darwin-x64": "0.1.48",
        "@macroforge/bin-linux-arm64-gnu": "0.1.48",
        "@macroforge/bin-linux-x64-gnu": "0.1.48",
        "@macroforge/bin-win32-arm64-msvc": "0.1.48",
        "@macroforge/bin-win32-x64-msvc": "0.1.48"
      }
    },
    "node_modules/typescript": {
      "version": "5.9.3",
      "resolved": "https://registry.npmjs.org/typescript/-/typescript-5.9.3.tgz",
      "integrity": "sha512-jl1vZzPDinLr9eUt3J/t7V6FgNEw9QjvBPdysz9KfQDD41fQrC2Y4vKQdiaUpFT4bXlb1RHhLpp8wtm6M5TgSw==",
      "dev": true,
      "license": "Apache-2.0",
      "bin": {
        "tsc": "bin/tsc",
        "tsserver": "bin/tsserver"
      },
      "engines": {
        "node": ">=14.17"
      }
    },
    "node_modules/undici-types": {
      "version": "6.21.0",
      "resolved": "https://registry.npmjs.org/undici-types/-/undici-types-6.21.0.tgz",
      "integrity": "sha512-iwDZqg0QAGrg9Rav5H4n0M64c3mkR59cJ6wQp+7C4nI0gsmExaedaYLNO44eT4AtBBwjbTiGPMlt2Md0T9H9JQ==",
      "dev": true,
      "license": "MIT"
    }
  }
}
